
Microsoft Visual Studio Solution File, Format Version 12.00
# Visual Studio Version 16
VisualStudioVersion = 16.0.30907.101
MinimumVisualStudioVersion = 10.0.40219.1
Project("{FAE04EC0-301F-11D3-BF4B-00C04F79EFBC}") = "DataAccess", "DataAccess\DataAccess.csproj", "{D16865C2-B535-4BBB-A169-881A61229F3B}"
EndProject
Project("{FAE04EC0-301F-11D3-BF4B-00C04F79EFBC}") = "Business", "Business\Business.csproj", "{C385C76F-7933-4C4E-86E5-33FC0E9CD316}"
EndProject
Project("{FAE04EC0-301F-11D3-BF4B-00C04F79EFBC}") = "Entities", "Entities\Entities.csproj", "{E463F092-AC3E-4C0F-BAF1-1CE143539914}"
EndProject
Project("{FAE04EC0-301F-11D3-BF4B-00C04F79EFBC}") = "ConsoleUI", "ConsoleUI\ConsoleUI.csproj", "{9B7C51E5-0174-4631-B3EA-C98E8D69A4C3}"
EndProject
Global
	GlobalSection(SolutionConfigurationPlatforms) = preSolution
		Debug|Any CPU = Debug|Any CPU
		Release|Any CPU = Release|Any CPU
	EndGlobalSection
	GlobalSection(ProjectConfigurationPlatforms) = postSolution
		{D16865C2-B535-4BBB-A169-881A61229F3B}.Debug|Any CPU.ActiveCfg = Debug|Any CPU
		{D16865C2-B535-4BBB-A169-881A61229F3B}.Debug|Any CPU.Build.0 = Debug|Any CPU
		{D16865C2-B535-4BBB-A169-881A61229F3B}.Release|Any CPU.ActiveCfg = Release|Any CPU
		{D16865C2-B535-4BBB-A169-881A61229F3B}.Release|Any CPU.Build.0 = Release|Any CPU
		{C385C76F-7933-4C4E-86E5-33FC0E9CD316}.Debug|Any CPU.ActiveCfg = Debug|Any CPU
		{C385C76F-7933-4C4E-86E5-33FC0E9CD316}.Debug|Any CPU.Build.0 = Debug|Any CPU
		{C385C76F-7933-4C4E-86E5-33FC0E9CD316}.Release|Any CPU.ActiveCfg = Release|Any CPU
		{C385C76F-7933-4C4E-86E5-33FC0E9CD316}.Release|Any CPU.Build.0 = Release|Any CPU
		{E463F092-AC3E-4C0F-BAF1-1CE143539914}.Debug|Any CPU.ActiveCfg = Debug|Any CPU
		{E463F092-AC3E-4C0F-BAF1-1CE143539914}.Debug|Any CPU.Build.0 = Debug|Any CPU
		{E463F092-AC3E-4C0F-BAF1-1CE143539914}.Release|Any CPU.ActiveCfg = Release|Any CPU
		{E463F092-AC3E-4C0F-BAF1-1CE143539914}.Release|Any CPU.Build.0 = Release|Any CPU
		{9B7C51E5-0174-4631-B3EA-C98E8D69A4C3}.Debug|Any CPU.ActiveCfg = Debug|Any CPU
		{9B7C51E5-0174-4631-B3EA-C98E8D69A4C3}.Debug|Any CPU.Build.0 = Debug|Any CPU
		{9B7C51E5-0174-4631-B3EA-C98E8D69A4C3}.Release|Any CPU.ActiveCfg = Release|Any CPU
		{9B7C51E5-0174-4631-B3EA-C98E8D69A4C3}.Release|Any CPU.Build.0 = Release|Any CPU
	EndGlobalSection
	GlobalSection(SolutionProperties) = preSolution
		HideSolutionNode = FALSE
	EndGlobalSection
	GlobalSection(ExtensibilityGlobals) = postSolution
		SolutionGuid = {ED457297-1B95-43AA-A26B-ACEA2189BF61}
	EndGlobalSection
EndGlobal
